
Microsoft Visual Studio Solution File, Format Version 12.00
# Visual Studio Version 17
VisualStudioVersion = 17.1.32210.238
MinimumVisualStudioVersion = 10.0.40219.1
Project("{FAE04EC0-301F-11D3-BF4B-00C04F79EFBC}") = "DPLL", "DPLL\DPLL.csproj", "{866EE901-05AA-49F0-95F6-EEEA64F4F6AA}"
EndProject
Global
	GlobalSection(SolutionConfigurationPlatforms) = preSolution
		Debug|Any CPU = Debug|Any CPU
		Release|Any CPU = Release|Any CPU
	EndGlobalSection
	GlobalSection(ProjectConfigurationPlatforms) = postSolution
		{866EE901-05AA-49F0-95F6-EEEA64F4F6AA}.Debug|Any CPU.ActiveCfg = Debug|Any CPU
		{866EE901-05AA-49F0-95F6-EEEA64F4F6AA}.Debug|Any CPU.Build.0 = Debug|Any CPU
		{866EE901-05AA-49F0-95F6-EEEA64F4F6AA}.Release|Any CPU.ActiveCfg = Release|Any CPU
		{866EE901-05AA-49F0-95F6-EEEA64F4F6AA}.Release|Any CPU.Build.0 = Release|Any CPU
	EndGlobalSection
	GlobalSection(SolutionProperties) = preSolution
		HideSolutionNode = FALSE
	EndGlobalSection
	GlobalSection(ExtensibilityGlobals) = postSolution
		SolutionGuid = {A7EEE9EC-8FDB-478E-8940-BC786B3C684A}
	EndGlobalSection
EndGlobal
